{
  "name": "adaptive-tests",
  "version": "0.3.2",
  "lockfileVersion": 3,
  "requires": true,
  "packages": {
    "": {
      "name": "adaptive-tests",
      "version": "0.3.2",
      "license": "MIT",
      "dependencies": {
        "@adaptive-tests/javascript": "^0.3.0"
      },
      "bin": {
        "adaptive-tests": "bin/adaptive-tests.js",
        "create-adaptive-app": "bin/create-adaptive-app.js"
      },
      "optionalDependencies": {
        "@adaptive-tests/typescript": "^0.3.0"
      },
      "peerDependencies": {
        "ts-node": ">=10.0.0",
        "typescript": ">=4.0.0"
      },
      "peerDependenciesMeta": {
        "ts-node": {
          "optional": true
        },
        "typescript": {
          "optional": true
        }
      }
    }
  },
  "dependencies": {
    "@adaptive-tests/javascript": {
      "version": "^0.3.0"
    },
    "@adaptive-tests/typescript": {
      "version": "^0.3.0",
      "optional": true,
      "requires": {
        "@adaptive-tests/javascript": "^0.3.0"
      }
    }
  }
}
